
Microsoft Visual Studio Solution File, Format Version 12.00
# Visual Studio Version 16
VisualStudioVersion = 16.0.30804.86
MinimumVisualStudioVersion = 10.0.40219.1
Project("{FAE04EC0-301F-11D3-BF4B-00C04F79EFBC}") = "multi_Login", "..\..\..\..\..\..\..\bureau\multi_LoginForm\multi_Login.csproj", "{8426CCD8-AA4B-4FAE-8A24-B3054E19685A}"
EndProject
Global
	GlobalSection(SolutionConfigurationPlatforms) = preSolution
		Debug|Any CPU = Debug|Any CPU
		Release|Any CPU = Release|Any CPU
	EndGlobalSection
	GlobalSection(ProjectConfigurationPlatforms) = postSolution
		{8426CCD8-AA4B-4FAE-8A24-B3054E19685A}.Debug|Any CPU.ActiveCfg = Debug|Any CPU
		{8426CCD8-AA4B-4FAE-8A24-B3054E19685A}.Debug|Any CPU.Build.0 = Debug|Any CPU
		{8426CCD8-AA4B-4FAE-8A24-B3054E19685A}.Release|Any CPU.ActiveCfg = Release|Any CPU
		{8426CCD8-AA4B-4FAE-8A24-B3054E19685A}.Release|Any CPU.Build.0 = Release|Any CPU
	EndGlobalSection
	GlobalSection(SolutionProperties) = preSolution
		HideSolutionNode = FALSE
	EndGlobalSection
	GlobalSection(ExtensibilityGlobals) = postSolution
		SolutionGuid = {323CEFA7-5CB4-43E9-AD25-A60AF411247A}
	EndGlobalSection
EndGlobal
